<<<<<<< HEAD
<<<<<<< HEAD
<<<<<<< HEAD
﻿<?xml version="1.0" encoding="utf-8"?>
<Project ToolsVersion="4.0" xmlns="http://schemas.microsoft.com/developer/msbuild/2003">
  <ItemGroup>
    <Filter Include="소스 파일">
      <UniqueIdentifier>{4FC737F1-C7A5-4376-A066-2A32D752A2FF}</UniqueIdentifier>
      <Extensions>cpp;c;cc;cxx;c++;cppm;ixx;def;odl;idl;hpj;bat;asm;asmx</Extensions>
    </Filter>
    <Filter Include="헤더 파일">
      <UniqueIdentifier>{93995380-89BD-4b04-88EB-625FBE52EBFB}</UniqueIdentifier>
      <Extensions>h;hh;hpp;hxx;h++;hm;inl;inc;ipp;xsd</Extensions>
    </Filter>
    <Filter Include="리소스 파일">
      <UniqueIdentifier>{67DA6AB6-F800-4c08-8B7A-83BB121AAD01}</UniqueIdentifier>
      <Extensions>rc;ico;cur;bmp;dlg;rc2;rct;bin;rgs;gif;jpg;jpeg;jpe;resx;tiff;tif;png;wav;mfcribbon-ms</Extensions>
    </Filter>
  </ItemGroup>
  <ItemGroup>
    <ClCompile Include="p252_limit_of_shallow_copy.cpp">
      <Filter>소스 파일</Filter>
    </ClCompile>
    <ClCompile Include="p280_function_overloading.cpp">
      <Filter>소스 파일</Filter>
    </ClCompile>
    <ClCompile Include="p286_default_variable.cpp">
      <Filter>소스 파일</Filter>
    </ClCompile>
    <ClCompile Include="p302_static_access_to_classcpp.cpp">
      <Filter>소스 파일</Filter>
    </ClCompile>
    <ClCompile Include="p304_static_member_share.cpp">
      <Filter>소스 파일</Filter>
    </ClCompile>
    <ClCompile Include="p322_friends_function.cpp">
      <Filter>소스 파일</Filter>
    </ClCompile>
    <ClCompile Include="p335_add_operator.cpp">
      <Filter>소스 파일</Filter>
    </ClCompile>
    <ClCompile Include="p353_add_operator_with_friend.cpp">
      <Filter>소스 파일</Filter>
    </ClCompile>
    <ClCompile Include="p358_shift_operator_with_ref.cpp">
      <Filter>소스 파일</Filter>
    </ClCompile>
    <ClCompile Include="p379_Inheritance.cpp">
      <Filter>소스 파일</Filter>
    </ClCompile>
  </ItemGroup>
=======
﻿<?xml version="1.0" encoding="utf-8"?>
<Project ToolsVersion="4.0" xmlns="http://schemas.microsoft.com/developer/msbuild/2003">
  <ItemGroup>
    <Filter Include="소스 파일">
      <UniqueIdentifier>{4FC737F1-C7A5-4376-A066-2A32D752A2FF}</UniqueIdentifier>
      <Extensions>cpp;c;cc;cxx;c++;cppm;ixx;def;odl;idl;hpj;bat;asm;asmx</Extensions>
    </Filter>
    <Filter Include="헤더 파일">
      <UniqueIdentifier>{93995380-89BD-4b04-88EB-625FBE52EBFB}</UniqueIdentifier>
      <Extensions>h;hh;hpp;hxx;h++;hm;inl;inc;ipp;xsd</Extensions>
    </Filter>
    <Filter Include="리소스 파일">
      <UniqueIdentifier>{67DA6AB6-F800-4c08-8B7A-83BB121AAD01}</UniqueIdentifier>
      <Extensions>rc;ico;cur;bmp;dlg;rc2;rct;bin;rgs;gif;jpg;jpeg;jpe;resx;tiff;tif;png;wav;mfcribbon-ms</Extensions>
    </Filter>
  </ItemGroup>
  <ItemGroup>
    <ClCompile Include="p252_limit_of_shallow_copy.cpp">
      <Filter>소스 파일</Filter>
    </ClCompile>
    <ClCompile Include="p280_function_overloading.cpp">
      <Filter>소스 파일</Filter>
    </ClCompile>
    <ClCompile Include="p286_default_variable.cpp">
      <Filter>소스 파일</Filter>
    </ClCompile>
    <ClCompile Include="p302_static_access_to_classcpp.cpp">
      <Filter>소스 파일</Filter>
    </ClCompile>
    <ClCompile Include="p304_static_member_share.cpp">
      <Filter>소스 파일</Filter>
    </ClCompile>
    <ClCompile Include="p322_friends_function.cpp">
      <Filter>소스 파일</Filter>
    </ClCompile>
    <ClCompile Include="p335_add_operator.cpp">
      <Filter>소스 파일</Filter>
    </ClCompile>
    <ClCompile Include="p353_add_operator_with_friend.cpp">
      <Filter>소스 파일</Filter>
    </ClCompile>
    <ClCompile Include="p358_shift_operator_with_ref.cpp">
      <Filter>소스 파일</Filter>
    </ClCompile>
    <ClCompile Include="p379_Inheritance.cpp">
      <Filter>소스 파일</Filter>
    </ClCompile>
  </ItemGroup>
>>>>>>> 603b48ffec7aa533bb43ac8f75aa278c8fbda364
=======
﻿<?xml version="1.0" encoding="utf-8"?>
<Project ToolsVersion="4.0" xmlns="http://schemas.microsoft.com/developer/msbuild/2003">
  <ItemGroup>
    <Filter Include="소스 파일">
      <UniqueIdentifier>{4FC737F1-C7A5-4376-A066-2A32D752A2FF}</UniqueIdentifier>
      <Extensions>cpp;c;cc;cxx;c++;cppm;ixx;def;odl;idl;hpj;bat;asm;asmx</Extensions>
    </Filter>
    <Filter Include="헤더 파일">
      <UniqueIdentifier>{93995380-89BD-4b04-88EB-625FBE52EBFB}</UniqueIdentifier>
      <Extensions>h;hh;hpp;hxx;h++;hm;inl;inc;ipp;xsd</Extensions>
    </Filter>
    <Filter Include="리소스 파일">
      <UniqueIdentifier>{67DA6AB6-F800-4c08-8B7A-83BB121AAD01}</UniqueIdentifier>
      <Extensions>rc;ico;cur;bmp;dlg;rc2;rct;bin;rgs;gif;jpg;jpeg;jpe;resx;tiff;tif;png;wav;mfcribbon-ms</Extensions>
    </Filter>
  </ItemGroup>
  <ItemGroup>
    <ClCompile Include="p252_limit_of_shallow_copy.cpp">
      <Filter>소스 파일</Filter>
    </ClCompile>
    <ClCompile Include="p280_function_overloading.cpp">
      <Filter>소스 파일</Filter>
    </ClCompile>
    <ClCompile Include="p286_default_variable.cpp">
      <Filter>소스 파일</Filter>
    </ClCompile>
    <ClCompile Include="p302_static_access_to_classcpp.cpp">
      <Filter>소스 파일</Filter>
    </ClCompile>
    <ClCompile Include="p304_static_member_share.cpp">
      <Filter>소스 파일</Filter>
    </ClCompile>
    <ClCompile Include="p322_friends_function.cpp">
      <Filter>소스 파일</Filter>
    </ClCompile>
    <ClCompile Include="p335_add_operator.cpp">
      <Filter>소스 파일</Filter>
    </ClCompile>
    <ClCompile Include="p353_add_operator_with_friend.cpp">
      <Filter>소스 파일</Filter>
    </ClCompile>
    <ClCompile Include="p358_shift_operator_with_ref.cpp">
      <Filter>소스 파일</Filter>
    </ClCompile>
    <ClCompile Include="p379_Inheritance.cpp">
      <Filter>소스 파일</Filter>
    </ClCompile>
  </ItemGroup>
>>>>>>> 603b48ffec7aa533bb43ac8f75aa278c8fbda364
=======
﻿<?xml version="1.0" encoding="utf-8"?>
<Project ToolsVersion="4.0" xmlns="http://schemas.microsoft.com/developer/msbuild/2003">
  <ItemGroup>
    <Filter Include="소스 파일">
      <UniqueIdentifier>{4FC737F1-C7A5-4376-A066-2A32D752A2FF}</UniqueIdentifier>
      <Extensions>cpp;c;cc;cxx;c++;cppm;ixx;def;odl;idl;hpj;bat;asm;asmx</Extensions>
    </Filter>
    <Filter Include="헤더 파일">
      <UniqueIdentifier>{93995380-89BD-4b04-88EB-625FBE52EBFB}</UniqueIdentifier>
      <Extensions>h;hh;hpp;hxx;h++;hm;inl;inc;ipp;xsd</Extensions>
    </Filter>
    <Filter Include="리소스 파일">
      <UniqueIdentifier>{67DA6AB6-F800-4c08-8B7A-83BB121AAD01}</UniqueIdentifier>
      <Extensions>rc;ico;cur;bmp;dlg;rc2;rct;bin;rgs;gif;jpg;jpeg;jpe;resx;tiff;tif;png;wav;mfcribbon-ms</Extensions>
    </Filter>
  </ItemGroup>
  <ItemGroup>
    <ClCompile Include="p252_limit_of_shallow_copy.cpp">
      <Filter>소스 파일</Filter>
    </ClCompile>
    <ClCompile Include="p280_function_overloading.cpp">
      <Filter>소스 파일</Filter>
    </ClCompile>
    <ClCompile Include="p286_default_variable.cpp">
      <Filter>소스 파일</Filter>
    </ClCompile>
    <ClCompile Include="p302_static_access_to_classcpp.cpp">
      <Filter>소스 파일</Filter>
    </ClCompile>
    <ClCompile Include="p304_static_member_share.cpp">
      <Filter>소스 파일</Filter>
    </ClCompile>
    <ClCompile Include="p322_friends_function.cpp">
      <Filter>소스 파일</Filter>
    </ClCompile>
    <ClCompile Include="p335_add_operator.cpp">
      <Filter>소스 파일</Filter>
    </ClCompile>
    <ClCompile Include="p353_add_operator_with_friend.cpp">
      <Filter>소스 파일</Filter>
    </ClCompile>
    <ClCompile Include="p358_shift_operator_with_ref.cpp">
      <Filter>소스 파일</Filter>
    </ClCompile>
    <ClCompile Include="p379_Inheritance.cpp">
      <Filter>소스 파일</Filter>
    </ClCompile>
  </ItemGroup>
>>>>>>> 603b48ffec7aa533bb43ac8f75aa278c8fbda364
</Project>