<<<<<<< HEAD
<<<<<<< HEAD
<<<<<<< HEAD
﻿
Microsoft Visual Studio Solution File, Format Version 12.00
# Visual Studio Version 16
VisualStudioVersion = 16.0.32228.343
MinimumVisualStudioVersion = 10.0.40219.1
Project("{8BC9CEB8-8B4A-11D0-8D11-00A0C91BC942}") = "220530_cpp", "220530_cpp.vcxproj", "{A5CC0263-EC0E-42A1-A1BB-3337E3C7B656}"
EndProject
Global
	GlobalSection(SolutionConfigurationPlatforms) = preSolution
		Debug|x64 = Debug|x64
		Debug|x86 = Debug|x86
		Release|x64 = Release|x64
		Release|x86 = Release|x86
	EndGlobalSection
	GlobalSection(ProjectConfigurationPlatforms) = postSolution
		{A5CC0263-EC0E-42A1-A1BB-3337E3C7B656}.Debug|x64.ActiveCfg = Debug|x64
		{A5CC0263-EC0E-42A1-A1BB-3337E3C7B656}.Debug|x64.Build.0 = Debug|x64
		{A5CC0263-EC0E-42A1-A1BB-3337E3C7B656}.Debug|x86.ActiveCfg = Debug|Win32
		{A5CC0263-EC0E-42A1-A1BB-3337E3C7B656}.Debug|x86.Build.0 = Debug|Win32
		{A5CC0263-EC0E-42A1-A1BB-3337E3C7B656}.Release|x64.ActiveCfg = Release|x64
		{A5CC0263-EC0E-42A1-A1BB-3337E3C7B656}.Release|x64.Build.0 = Release|x64
		{A5CC0263-EC0E-42A1-A1BB-3337E3C7B656}.Release|x86.ActiveCfg = Release|Win32
		{A5CC0263-EC0E-42A1-A1BB-3337E3C7B656}.Release|x86.Build.0 = Release|Win32
	EndGlobalSection
	GlobalSection(SolutionProperties) = preSolution
		HideSolutionNode = FALSE
	EndGlobalSection
	GlobalSection(ExtensibilityGlobals) = postSolution
		SolutionGuid = {30802357-A456-46A4-AB73-0F87E9F0BB93}
	EndGlobalSection
EndGlobal
=======
﻿
Microsoft Visual Studio Solution File, Format Version 12.00
# Visual Studio Version 16
VisualStudioVersion = 16.0.32228.343
MinimumVisualStudioVersion = 10.0.40219.1
Project("{8BC9CEB8-8B4A-11D0-8D11-00A0C91BC942}") = "220530_cpp", "220530_cpp.vcxproj", "{A5CC0263-EC0E-42A1-A1BB-3337E3C7B656}"
EndProject
Global
	GlobalSection(SolutionConfigurationPlatforms) = preSolution
		Debug|x64 = Debug|x64
		Debug|x86 = Debug|x86
		Release|x64 = Release|x64
		Release|x86 = Release|x86
	EndGlobalSection
	GlobalSection(ProjectConfigurationPlatforms) = postSolution
		{A5CC0263-EC0E-42A1-A1BB-3337E3C7B656}.Debug|x64.ActiveCfg = Debug|x64
		{A5CC0263-EC0E-42A1-A1BB-3337E3C7B656}.Debug|x64.Build.0 = Debug|x64
		{A5CC0263-EC0E-42A1-A1BB-3337E3C7B656}.Debug|x86.ActiveCfg = Debug|Win32
		{A5CC0263-EC0E-42A1-A1BB-3337E3C7B656}.Debug|x86.Build.0 = Debug|Win32
		{A5CC0263-EC0E-42A1-A1BB-3337E3C7B656}.Release|x64.ActiveCfg = Release|x64
		{A5CC0263-EC0E-42A1-A1BB-3337E3C7B656}.Release|x64.Build.0 = Release|x64
		{A5CC0263-EC0E-42A1-A1BB-3337E3C7B656}.Release|x86.ActiveCfg = Release|Win32
		{A5CC0263-EC0E-42A1-A1BB-3337E3C7B656}.Release|x86.Build.0 = Release|Win32
	EndGlobalSection
	GlobalSection(SolutionProperties) = preSolution
		HideSolutionNode = FALSE
	EndGlobalSection
	GlobalSection(ExtensibilityGlobals) = postSolution
		SolutionGuid = {30802357-A456-46A4-AB73-0F87E9F0BB93}
	EndGlobalSection
EndGlobal
>>>>>>> 603b48ffec7aa533bb43ac8f75aa278c8fbda364
=======
﻿
Microsoft Visual Studio Solution File, Format Version 12.00
# Visual Studio Version 16
VisualStudioVersion = 16.0.32228.343
MinimumVisualStudioVersion = 10.0.40219.1
Project("{8BC9CEB8-8B4A-11D0-8D11-00A0C91BC942}") = "220530_cpp", "220530_cpp.vcxproj", "{A5CC0263-EC0E-42A1-A1BB-3337E3C7B656}"
EndProject
Global
	GlobalSection(SolutionConfigurationPlatforms) = preSolution
		Debug|x64 = Debug|x64
		Debug|x86 = Debug|x86
		Release|x64 = Release|x64
		Release|x86 = Release|x86
	EndGlobalSection
	GlobalSection(ProjectConfigurationPlatforms) = postSolution
		{A5CC0263-EC0E-42A1-A1BB-3337E3C7B656}.Debug|x64.ActiveCfg = Debug|x64
		{A5CC0263-EC0E-42A1-A1BB-3337E3C7B656}.Debug|x64.Build.0 = Debug|x64
		{A5CC0263-EC0E-42A1-A1BB-3337E3C7B656}.Debug|x86.ActiveCfg = Debug|Win32
		{A5CC0263-EC0E-42A1-A1BB-3337E3C7B656}.Debug|x86.Build.0 = Debug|Win32
		{A5CC0263-EC0E-42A1-A1BB-3337E3C7B656}.Release|x64.ActiveCfg = Release|x64
		{A5CC0263-EC0E-42A1-A1BB-3337E3C7B656}.Release|x64.Build.0 = Release|x64
		{A5CC0263-EC0E-42A1-A1BB-3337E3C7B656}.Release|x86.ActiveCfg = Release|Win32
		{A5CC0263-EC0E-42A1-A1BB-3337E3C7B656}.Release|x86.Build.0 = Release|Win32
	EndGlobalSection
	GlobalSection(SolutionProperties) = preSolution
		HideSolutionNode = FALSE
	EndGlobalSection
	GlobalSection(ExtensibilityGlobals) = postSolution
		SolutionGuid = {30802357-A456-46A4-AB73-0F87E9F0BB93}
	EndGlobalSection
EndGlobal
>>>>>>> 603b48ffec7aa533bb43ac8f75aa278c8fbda364
=======
﻿
Microsoft Visual Studio Solution File, Format Version 12.00
# Visual Studio Version 16
VisualStudioVersion = 16.0.32228.343
MinimumVisualStudioVersion = 10.0.40219.1
Project("{8BC9CEB8-8B4A-11D0-8D11-00A0C91BC942}") = "220530_cpp", "220530_cpp.vcxproj", "{A5CC0263-EC0E-42A1-A1BB-3337E3C7B656}"
EndProject
Global
	GlobalSection(SolutionConfigurationPlatforms) = preSolution
		Debug|x64 = Debug|x64
		Debug|x86 = Debug|x86
		Release|x64 = Release|x64
		Release|x86 = Release|x86
	EndGlobalSection
	GlobalSection(ProjectConfigurationPlatforms) = postSolution
		{A5CC0263-EC0E-42A1-A1BB-3337E3C7B656}.Debug|x64.ActiveCfg = Debug|x64
		{A5CC0263-EC0E-42A1-A1BB-3337E3C7B656}.Debug|x64.Build.0 = Debug|x64
		{A5CC0263-EC0E-42A1-A1BB-3337E3C7B656}.Debug|x86.ActiveCfg = Debug|Win32
		{A5CC0263-EC0E-42A1-A1BB-3337E3C7B656}.Debug|x86.Build.0 = Debug|Win32
		{A5CC0263-EC0E-42A1-A1BB-3337E3C7B656}.Release|x64.ActiveCfg = Release|x64
		{A5CC0263-EC0E-42A1-A1BB-3337E3C7B656}.Release|x64.Build.0 = Release|x64
		{A5CC0263-EC0E-42A1-A1BB-3337E3C7B656}.Release|x86.ActiveCfg = Release|Win32
		{A5CC0263-EC0E-42A1-A1BB-3337E3C7B656}.Release|x86.Build.0 = Release|Win32
	EndGlobalSection
	GlobalSection(SolutionProperties) = preSolution
		HideSolutionNode = FALSE
	EndGlobalSection
	GlobalSection(ExtensibilityGlobals) = postSolution
		SolutionGuid = {30802357-A456-46A4-AB73-0F87E9F0BB93}
	EndGlobalSection
EndGlobal
>>>>>>> 603b48ffec7aa533bb43ac8f75aa278c8fbda364
